
Microsoft Visual Studio Solution File, Format Version 12.00
# Visual Studio Version 17
VisualStudioVersion = 17.0.31611.283
MinimumVisualStudioVersion = 10.0.40219.1
Project("{FAE04EC0-301F-11D3-BF4B-00C04F79EFBC}") = "ChatClient", "ChatClient\ChatClient.csproj", "{CF83C03B-34A1-4D04-AB2F-AB58926E35EB}"
EndProject
Project("{FAE04EC0-301F-11D3-BF4B-00C04F79EFBC}") = "ChatServer", "ChatServer\ChatServer.csproj", "{83C32F2F-BFF2-4FDB-BE04-D32414493C07}"
EndProject
Project("{2150E333-8FDC-42A3-9474-1A3956D46DE8}") = "Tcp", "Tcp", "{01AFE05B-908E-44EA-80AD-EA12A96A2533}"
EndProject
Project("{FAE04EC0-301F-11D3-BF4B-00C04F79EFBC}") = "ChatClientTcp", "ChatClientTcp\ChatClientTcp.csproj", "{EFB1D5FB-BE25-4676-A316-902B39D1C09F}"
EndProject
Project("{FAE04EC0-301F-11D3-BF4B-00C04F79EFBC}") = "ChatServerTcp", "ChatServerTcp\ChatServerTcp.csproj", "{231F477B-EA22-40BB-92A6-481F44539B84}"
EndProject
Project("{2150E333-8FDC-42A3-9474-1A3956D46DE8}") = "Socket", "Socket", "{BD0DC261-A96D-40F2-AF27-E3F003877928}"
EndProject
Project("{FAE04EC0-301F-11D3-BF4B-00C04F79EFBC}") = "ChatClient", "ChatClient.gui\ChatClient.csproj", "{4094BF87-79F4-4783-8A53-70FC4742086C}"
EndProject
Project("{FAE04EC0-301F-11D3-BF4B-00C04F79EFBC}") = "MyMauiApp", "MyMauiApp\MyMauiApp.csproj", "{5C43BF64-53C6-48B8-91AF-B631D2F0BAC1}"
EndProject
Global
	GlobalSection(SolutionConfigurationPlatforms) = preSolution
		Debug|Any CPU = Debug|Any CPU
		Release|Any CPU = Release|Any CPU
	EndGlobalSection
	GlobalSection(ProjectConfigurationPlatforms) = postSolution
		{91FC4E22-2966-47CD-BFEA-E9ED4ABEABAB}.Debug|Any CPU.ActiveCfg = Debug|Any CPU
		{91FC4E22-2966-47CD-BFEA-E9ED4ABEABAB}.Debug|Any CPU.Build.0 = Debug|Any CPU
		{91FC4E22-2966-47CD-BFEA-E9ED4ABEABAB}.Release|Any CPU.ActiveCfg = Release|Any CPU
		{91FC4E22-2966-47CD-BFEA-E9ED4ABEABAB}.Release|Any CPU.Build.0 = Release|Any CPU
		{870F1177-6016-4C71-8060-25CFCE979932}.Debug|Any CPU.ActiveCfg = Debug|Any CPU
		{870F1177-6016-4C71-8060-25CFCE979932}.Debug|Any CPU.Build.0 = Debug|Any CPU
		{870F1177-6016-4C71-8060-25CFCE979932}.Release|Any CPU.ActiveCfg = Release|Any CPU
		{870F1177-6016-4C71-8060-25CFCE979932}.Release|Any CPU.Build.0 = Release|Any CPU
		{CF83C03B-34A1-4D04-AB2F-AB58926E35EB}.Debug|Any CPU.ActiveCfg = Debug|Any CPU
		{CF83C03B-34A1-4D04-AB2F-AB58926E35EB}.Debug|Any CPU.Build.0 = Debug|Any CPU
		{CF83C03B-34A1-4D04-AB2F-AB58926E35EB}.Release|Any CPU.ActiveCfg = Release|Any CPU
		{CF83C03B-34A1-4D04-AB2F-AB58926E35EB}.Release|Any CPU.Build.0 = Release|Any CPU
		{83C32F2F-BFF2-4FDB-BE04-D32414493C07}.Debug|Any CPU.ActiveCfg = Debug|Any CPU
		{83C32F2F-BFF2-4FDB-BE04-D32414493C07}.Debug|Any CPU.Build.0 = Debug|Any CPU
		{83C32F2F-BFF2-4FDB-BE04-D32414493C07}.Release|Any CPU.ActiveCfg = Release|Any CPU
		{83C32F2F-BFF2-4FDB-BE04-D32414493C07}.Release|Any CPU.Build.0 = Release|Any CPU
		{EFB1D5FB-BE25-4676-A316-902B39D1C09F}.Debug|Any CPU.ActiveCfg = Debug|Any CPU
		{EFB1D5FB-BE25-4676-A316-902B39D1C09F}.Debug|Any CPU.Build.0 = Debug|Any CPU
		{EFB1D5FB-BE25-4676-A316-902B39D1C09F}.Release|Any CPU.ActiveCfg = Release|Any CPU
		{EFB1D5FB-BE25-4676-A316-902B39D1C09F}.Release|Any CPU.Build.0 = Release|Any CPU
		{231F477B-EA22-40BB-92A6-481F44539B84}.Debug|Any CPU.ActiveCfg = Debug|Any CPU
		{231F477B-EA22-40BB-92A6-481F44539B84}.Debug|Any CPU.Build.0 = Debug|Any CPU
		{231F477B-EA22-40BB-92A6-481F44539B84}.Release|Any CPU.ActiveCfg = Release|Any CPU
		{231F477B-EA22-40BB-92A6-481F44539B84}.Release|Any CPU.Build.0 = Release|Any CPU
		{4094BF87-79F4-4783-8A53-70FC4742086C}.Debug|Any CPU.ActiveCfg = Debug|Any CPU
		{4094BF87-79F4-4783-8A53-70FC4742086C}.Debug|Any CPU.Build.0 = Debug|Any CPU
		{4094BF87-79F4-4783-8A53-70FC4742086C}.Release|Any CPU.ActiveCfg = Release|Any CPU
		{4094BF87-79F4-4783-8A53-70FC4742086C}.Release|Any CPU.Build.0 = Release|Any CPU
		{5C43BF64-53C6-48B8-91AF-B631D2F0BAC1}.Debug|Any CPU.ActiveCfg = Debug|Any CPU
		{5C43BF64-53C6-48B8-91AF-B631D2F0BAC1}.Debug|Any CPU.Build.0 = Debug|Any CPU
		{5C43BF64-53C6-48B8-91AF-B631D2F0BAC1}.Release|Any CPU.ActiveCfg = Release|Any CPU
		{5C43BF64-53C6-48B8-91AF-B631D2F0BAC1}.Release|Any CPU.Build.0 = Release|Any CPU
	EndGlobalSection
	GlobalSection(SolutionProperties) = preSolution
		HideSolutionNode = FALSE
	EndGlobalSection
	GlobalSection(ExtensibilityGlobals) = postSolution
		SolutionGuid = {61F7FB11-1E47-470C-91E2-47F8143E1572}
	EndGlobalSection
	GlobalSection(NestedProjects) = preSolution
		{91FC4E22-2966-47CD-BFEA-E9ED4ABEABAB} = {8E4191A4-6216-4209-B1F4-4E7E958AC161}
		{870F1177-6016-4C71-8060-25CFCE979932} = {2728E007-60D2-46C5-BAD4-5AE007F03DD4}
		{EFB1D5FB-BE25-4676-A316-902B39D1C09F} = {01AFE05B-908E-44EA-80AD-EA12A96A2533}
		{231F477B-EA22-40BB-92A6-481F44539B84} = {01AFE05B-908E-44EA-80AD-EA12A96A2533}
		{CF83C03B-34A1-4D04-AB2F-AB58926E35EB} = {BD0DC261-A96D-40F2-AF27-E3F003877928}
		{83C32F2F-BFF2-4FDB-BE04-D32414493C07} = {BD0DC261-A96D-40F2-AF27-E3F003877928}
	EndGlobalSection
EndGlobal
